{
  "nodes": {
    "darwin": {
      "inputs": {
        "nixpkgs": [
          "nixpkgs"
        ]
      },
      "locked": {
        "lastModified": 1673333014,
        "narHash": "sha256-gTVq43y9w+yUaexlBDu4382qeLsvGhmGoEg9/iSSE7w=",
        "owner": "azuwis",
        "repo": "nix-darwin",
        "rev": "2289a1034caceef5bbed48da4725142eba723098",
        "type": "github"
      },
      "original": {
        "owner": "azuwis",
        "ref": "sketchybar",
        "repo": "nix-darwin",
        "type": "github"
      }
    },
    "emacs-overlay": {
      "inputs": {
        "flake-utils": "flake-utils",
        "nixpkgs": [
          "nixpkgs"
        ]
      },
      "locked": {
        "lastModified": 1675389821,
        "narHash": "sha256-Z6HjMqbM+0mQNnETH2lMROT9CA6CqAF8R27ylf3r/lk=",
        "owner": "nix-community",
        "repo": "emacs-overlay",
        "rev": "27625286ac637065286c1372d0eae66e3d16c146",
        "type": "github"
      },
      "original": {
        "owner": "nix-community",
        "repo": "emacs-overlay",
        "type": "github"
      }
    },
    "flake-utils": {
      "locked": {
        "lastModified": 1667395993,
        "narHash": "sha256-nuEHfE/LcWyuSWnS8t12N1wc105Qtau+/OdUAjtQ0rA=",
        "owner": "numtide",
        "repo": "flake-utils",
        "rev": "5aed5285a952e0b949eb3ba02c12fa4fcfef535f",
        "type": "github"
      },
      "original": {
        "owner": "numtide",
        "repo": "flake-utils",
        "type": "github"
      }
    },
    "grub2-themes": {
      "inputs": {
        "nixpkgs": [
          "nixpkgs"
        ]
      },
      "locked": {
        "lastModified": 1674015718,
        "narHash": "sha256-cBgjWD/mR1tiPyVky9Bl5kUrDX6RnARJ+0cEJ4VhbRg=",
        "owner": "vinceliuice",
        "repo": "grub2-themes",
        "rev": "7c0d8eb7849cd5a4cf6a26c8750dcf71c26f2b0f",
        "type": "github"
      },
      "original": {
        "owner": "vinceliuice",
        "repo": "grub2-themes",
        "type": "github"
      }
    },
    "home-manager": {
      "inputs": {
        "nixpkgs": [
          "nixpkgs"
        ],
        "utils": "utils"
      },
      "locked": {
        "lastModified": 1675371293,
        "narHash": "sha256-LrCjtrAXj/WJphhGEMnHgZs7oTsfOlvPfOjFTIvg39k=",
        "owner": "nix-community",
        "repo": "home-manager",
        "rev": "d1c7730bb707bf8124d997952f7babd2a281ae68",
        "type": "github"
      },
      "original": {
        "owner": "nix-community",
        "repo": "home-manager",
        "type": "github"
      }
    },
    "nixos-hardware": {
      "locked": {
        "lastModified": 1678350133,
        "narHash": "sha256-sUxDtERkqq0oGU5eGtlem5zE5ga801yXfpc3XlPfC4k=",
        "owner": "NixOS",
        "repo": "nixos-hardware",
        "rev": "6e303a505ad31a8e68a7f0d43e2170e81c16919b",
        "type": "github"
      },
      "original": {
        "owner": "NixOS",
        "repo": "nixos-hardware",
        "type": "github"
      }
    },
    "nixpkgs": {
      "locked": {
        "lastModified": 1675273418,
        "narHash": "sha256-tpYc4TEGvDzh9uRf44QemyQ4TpVuUbxb07b2P99XDbM=",
        "owner": "nixos",
        "repo": "nixpkgs",
        "rev": "4d7c2644dbac9cf8282c0afe68fca8f0f3e7b2db",
        "type": "github"
      },
      "original": {
        "owner": "nixos",
        "ref": "nixos-unstable",
        "repo": "nixpkgs",
        "type": "github"
      }
    },
    "root": {
      "inputs": {
        "darwin": "darwin",
        "emacs-overlay": "emacs-overlay",
        "grub2-themes": "grub2-themes",
        "home-manager": "home-manager",
        "nixos-hardware": "nixos-hardware",
        "nixpkgs": "nixpkgs"
      }
    },
    "utils": {
      "locked": {
        "lastModified": 1667395993,
        "narHash": "sha256-nuEHfE/LcWyuSWnS8t12N1wc105Qtau+/OdUAjtQ0rA=",
        "owner": "numtide",
        "repo": "flake-utils",
        "rev": "5aed5285a952e0b949eb3ba02c12fa4fcfef535f",
        "type": "github"
      },
      "original": {
        "owner": "numtide",
        "repo": "flake-utils",
        "type": "github"
      }
    }
  },
  "root": "root",
  "version": 7
}
